
Microsoft Visual Studio Solution File, Format Version 12.00
# Visual Studio 15
VisualStudioVersion = 15.0.28010.2019
MinimumVisualStudioVersion = 10.0.40219.1
Project("{FAE04EC0-301F-11D3-BF4B-00C04F79EFBC}") = "HelloWorldConsole", "HelloWorldConsole\HelloWorldConsole.csproj", "{7B8DADD8-BD9B-466E-8340-FB3957AED3D0}"
EndProject
Project("{FAE04EC0-301F-11D3-BF4B-00C04F79EFBC}") = "HelloWorld", "HelloWorld\HelloWorld.csproj", "{D1DD2371-1201-4A87-97F4-050740D95AFB}"
EndProject
Project("{FAE04EC0-301F-11D3-BF4B-00C04F79EFBC}") = "HelloWorldWPF", "HelloWorldWPF\HelloWorldWPF.csproj", "{2EE1DC4A-CB16-4C55-8AC1-AB098AC46E44}"
EndProject
Project("{FAE04EC0-301F-11D3-BF4B-00C04F79EFBC}") = "HelloAspNet", "HelloAspNet\HelloAspNet.csproj", "{31E53918-C67E-458D-B5C8-206C8B0632EF}"
EndProject
Global
	GlobalSection(SolutionConfigurationPlatforms) = preSolution
		Debug|Any CPU = Debug|Any CPU
		Release|Any CPU = Release|Any CPU
	EndGlobalSection
	GlobalSection(ProjectConfigurationPlatforms) = postSolution
		{7B8DADD8-BD9B-466E-8340-FB3957AED3D0}.Debug|Any CPU.ActiveCfg = Debug|Any CPU
		{7B8DADD8-BD9B-466E-8340-FB3957AED3D0}.Debug|Any CPU.Build.0 = Debug|Any CPU
		{7B8DADD8-BD9B-466E-8340-FB3957AED3D0}.Release|Any CPU.ActiveCfg = Release|Any CPU
		{7B8DADD8-BD9B-466E-8340-FB3957AED3D0}.Release|Any CPU.Build.0 = Release|Any CPU
		{D1DD2371-1201-4A87-97F4-050740D95AFB}.Debug|Any CPU.ActiveCfg = Debug|Any CPU
		{D1DD2371-1201-4A87-97F4-050740D95AFB}.Debug|Any CPU.Build.0 = Debug|Any CPU
		{D1DD2371-1201-4A87-97F4-050740D95AFB}.Release|Any CPU.ActiveCfg = Release|Any CPU
		{D1DD2371-1201-4A87-97F4-050740D95AFB}.Release|Any CPU.Build.0 = Release|Any CPU
		{2EE1DC4A-CB16-4C55-8AC1-AB098AC46E44}.Debug|Any CPU.ActiveCfg = Debug|Any CPU
		{2EE1DC4A-CB16-4C55-8AC1-AB098AC46E44}.Debug|Any CPU.Build.0 = Debug|Any CPU
		{2EE1DC4A-CB16-4C55-8AC1-AB098AC46E44}.Release|Any CPU.ActiveCfg = Release|Any CPU
		{2EE1DC4A-CB16-4C55-8AC1-AB098AC46E44}.Release|Any CPU.Build.0 = Release|Any CPU
		{31E53918-C67E-458D-B5C8-206C8B0632EF}.Debug|Any CPU.ActiveCfg = Debug|Any CPU
		{31E53918-C67E-458D-B5C8-206C8B0632EF}.Debug|Any CPU.Build.0 = Debug|Any CPU
		{31E53918-C67E-458D-B5C8-206C8B0632EF}.Release|Any CPU.ActiveCfg = Release|Any CPU
		{31E53918-C67E-458D-B5C8-206C8B0632EF}.Release|Any CPU.Build.0 = Release|Any CPU
	EndGlobalSection
	GlobalSection(SolutionProperties) = preSolution
		HideSolutionNode = FALSE
	EndGlobalSection
	GlobalSection(ExtensibilityGlobals) = postSolution
		SolutionGuid = {EE78E363-4734-44B0-B57D-EDB3CAFCA5F6}
	EndGlobalSection
EndGlobal
